
Microsoft Visual Studio Solution File, Format Version 12.00
# Visual Studio 2013
VisualStudioVersion = 12.0.21005.1
MinimumVisualStudioVersion = 10.0.40219.1
Project("{FAE04EC0-301F-11D3-BF4B-00C04F79EFBC}") = "EasyuiDemo", "EasyuiDemo\EasyuiDemo.csproj", "{4BB29328-E949-48CF-A4AC-11F1C2952682}"
EndProject
Project("{FAE04EC0-301F-11D3-BF4B-00C04F79EFBC}") = "Model", "Model\Model.csproj", "{EA9BBE7B-27EB-458A-BC5D-D1CD269489AC}"
EndProject
Project("{FAE04EC0-301F-11D3-BF4B-00C04F79EFBC}") = "DAL", "DAL\DAL.csproj", "{F02DA110-248A-4A90-B9D9-C0568F7B59ED}"
EndProject
Project("{FAE04EC0-301F-11D3-BF4B-00C04F79EFBC}") = "BLL", "BLL\BLL.csproj", "{4140E915-DA04-4270-B6FF-7A806922C272}"
EndProject
Project("{FAE04EC0-301F-11D3-BF4B-00C04F79EFBC}") = "DBUtity", "DBUtity\DBUtity.csproj", "{F9F2A8AE-7E80-4ECE-BB3C-A2E46A14BF29}"
EndProject
Global
	GlobalSection(SolutionConfigurationPlatforms) = preSolution
		Debug|Any CPU = Debug|Any CPU
		Release|Any CPU = Release|Any CPU
	EndGlobalSection
	GlobalSection(ProjectConfigurationPlatforms) = postSolution
		{4BB29328-E949-48CF-A4AC-11F1C2952682}.Debug|Any CPU.ActiveCfg = Debug|Any CPU
		{4BB29328-E949-48CF-A4AC-11F1C2952682}.Debug|Any CPU.Build.0 = Debug|Any CPU
		{4BB29328-E949-48CF-A4AC-11F1C2952682}.Release|Any CPU.ActiveCfg = Release|Any CPU
		{4BB29328-E949-48CF-A4AC-11F1C2952682}.Release|Any CPU.Build.0 = Release|Any CPU
		{EA9BBE7B-27EB-458A-BC5D-D1CD269489AC}.Debug|Any CPU.ActiveCfg = Debug|Any CPU
		{EA9BBE7B-27EB-458A-BC5D-D1CD269489AC}.Debug|Any CPU.Build.0 = Debug|Any CPU
		{EA9BBE7B-27EB-458A-BC5D-D1CD269489AC}.Release|Any CPU.ActiveCfg = Release|Any CPU
		{EA9BBE7B-27EB-458A-BC5D-D1CD269489AC}.Release|Any CPU.Build.0 = Release|Any CPU
		{F02DA110-248A-4A90-B9D9-C0568F7B59ED}.Debug|Any CPU.ActiveCfg = Debug|Any CPU
		{F02DA110-248A-4A90-B9D9-C0568F7B59ED}.Debug|Any CPU.Build.0 = Debug|Any CPU
		{F02DA110-248A-4A90-B9D9-C0568F7B59ED}.Release|Any CPU.ActiveCfg = Release|Any CPU
		{F02DA110-248A-4A90-B9D9-C0568F7B59ED}.Release|Any CPU.Build.0 = Release|Any CPU
		{4140E915-DA04-4270-B6FF-7A806922C272}.Debug|Any CPU.ActiveCfg = Debug|Any CPU
		{4140E915-DA04-4270-B6FF-7A806922C272}.Debug|Any CPU.Build.0 = Debug|Any CPU
		{4140E915-DA04-4270-B6FF-7A806922C272}.Release|Any CPU.ActiveCfg = Release|Any CPU
		{4140E915-DA04-4270-B6FF-7A806922C272}.Release|Any CPU.Build.0 = Release|Any CPU
		{F9F2A8AE-7E80-4ECE-BB3C-A2E46A14BF29}.Debug|Any CPU.ActiveCfg = Debug|Any CPU
		{F9F2A8AE-7E80-4ECE-BB3C-A2E46A14BF29}.Debug|Any CPU.Build.0 = Debug|Any CPU
		{F9F2A8AE-7E80-4ECE-BB3C-A2E46A14BF29}.Release|Any CPU.ActiveCfg = Release|Any CPU
		{F9F2A8AE-7E80-4ECE-BB3C-A2E46A14BF29}.Release|Any CPU.Build.0 = Release|Any CPU
	EndGlobalSection
	GlobalSection(SolutionProperties) = preSolution
		HideSolutionNode = FALSE
	EndGlobalSection
EndGlobal
