
Microsoft Visual Studio Solution File, Format Version 12.00
# Visual Studio 2013
VisualStudioVersion = 12.0.21005.1
MinimumVisualStudioVersion = 10.0.40219.1
Project("{FAE04EC0-301F-11D3-BF4B-00C04F79EFBC}") = "DapperDemo", "DapperDemo\DapperDemo.csproj", "{E03E2087-4221-4046-B16B-1FF5954612B5}"
EndProject
Project("{FAE04EC0-301F-11D3-BF4B-00C04F79EFBC}") = "DAL", "DAL\DAL.csproj", "{331AFD9B-565B-4F7E-B835-98CA06D65F07}"
EndProject
Project("{FAE04EC0-301F-11D3-BF4B-00C04F79EFBC}") = "Model", "Model\Model.csproj", "{020FA2F3-8D4A-4A59-869F-C5EE68FF4A0D}"
EndProject
Project("{FAE04EC0-301F-11D3-BF4B-00C04F79EFBC}") = "DBUtity", "DBUtity\DBUtity.csproj", "{F862648D-D712-4A54-B938-CA45DD70C8AC}"
EndProject
Project("{FAE04EC0-301F-11D3-BF4B-00C04F79EFBC}") = "BLL", "BLL\BLL.csproj", "{6DA8978C-F72F-49DC-8C55-28719158642C}"
EndProject
Global
	GlobalSection(SolutionConfigurationPlatforms) = preSolution
		Debug|Any CPU = Debug|Any CPU
		Release|Any CPU = Release|Any CPU
	EndGlobalSection
	GlobalSection(ProjectConfigurationPlatforms) = postSolution
		{E03E2087-4221-4046-B16B-1FF5954612B5}.Debug|Any CPU.ActiveCfg = Debug|Any CPU
		{E03E2087-4221-4046-B16B-1FF5954612B5}.Debug|Any CPU.Build.0 = Debug|Any CPU
		{E03E2087-4221-4046-B16B-1FF5954612B5}.Release|Any CPU.ActiveCfg = Release|Any CPU
		{E03E2087-4221-4046-B16B-1FF5954612B5}.Release|Any CPU.Build.0 = Release|Any CPU
		{331AFD9B-565B-4F7E-B835-98CA06D65F07}.Debug|Any CPU.ActiveCfg = Debug|Any CPU
		{331AFD9B-565B-4F7E-B835-98CA06D65F07}.Debug|Any CPU.Build.0 = Debug|Any CPU
		{331AFD9B-565B-4F7E-B835-98CA06D65F07}.Release|Any CPU.ActiveCfg = Release|Any CPU
		{331AFD9B-565B-4F7E-B835-98CA06D65F07}.Release|Any CPU.Build.0 = Release|Any CPU
		{020FA2F3-8D4A-4A59-869F-C5EE68FF4A0D}.Debug|Any CPU.ActiveCfg = Debug|Any CPU
		{020FA2F3-8D4A-4A59-869F-C5EE68FF4A0D}.Debug|Any CPU.Build.0 = Debug|Any CPU
		{020FA2F3-8D4A-4A59-869F-C5EE68FF4A0D}.Release|Any CPU.ActiveCfg = Release|Any CPU
		{020FA2F3-8D4A-4A59-869F-C5EE68FF4A0D}.Release|Any CPU.Build.0 = Release|Any CPU
		{F862648D-D712-4A54-B938-CA45DD70C8AC}.Debug|Any CPU.ActiveCfg = Debug|Any CPU
		{F862648D-D712-4A54-B938-CA45DD70C8AC}.Debug|Any CPU.Build.0 = Debug|Any CPU
		{F862648D-D712-4A54-B938-CA45DD70C8AC}.Release|Any CPU.ActiveCfg = Release|Any CPU
		{F862648D-D712-4A54-B938-CA45DD70C8AC}.Release|Any CPU.Build.0 = Release|Any CPU
		{6DA8978C-F72F-49DC-8C55-28719158642C}.Debug|Any CPU.ActiveCfg = Debug|Any CPU
		{6DA8978C-F72F-49DC-8C55-28719158642C}.Debug|Any CPU.Build.0 = Debug|Any CPU
		{6DA8978C-F72F-49DC-8C55-28719158642C}.Release|Any CPU.ActiveCfg = Release|Any CPU
		{6DA8978C-F72F-49DC-8C55-28719158642C}.Release|Any CPU.Build.0 = Release|Any CPU
	EndGlobalSection
	GlobalSection(SolutionProperties) = preSolution
		HideSolutionNode = FALSE
	EndGlobalSection
EndGlobal
