
Microsoft Visual Studio Solution File, Format Version 12.00
# Visual Studio 2013
VisualStudioVersion = 12.0.21005.1
MinimumVisualStudioVersion = 10.0.40219.1
Project("{FAE04EC0-301F-11D3-BF4B-00C04F79EFBC}") = "DAL", "DAL\DAL.csproj", "{B2F08985-3591-43FF-BC4F-DD897A016A40}"
EndProject
Project("{FAE04EC0-301F-11D3-BF4B-00C04F79EFBC}") = "Model", "Model\Model.csproj", "{DE0A0101-A2B9-4F88-9028-06E7632712A8}"
EndProject
Project("{FAE04EC0-301F-11D3-BF4B-00C04F79EFBC}") = "BLL", "BLL\BLL.csproj", "{D8AD69E5-8F39-42BE-A37A-D29D739EAB95}"
EndProject
Project("{FAE04EC0-301F-11D3-BF4B-00C04F79EFBC}") = "DBUtity", "DBUtity\DBUtity.csproj", "{6DEDB4E8-A207-4603-A70B-61037038F618}"
EndProject
Project("{FAE04EC0-301F-11D3-BF4B-00C04F79EFBC}") = "AngularWeb", "AngularWeb\AngularWeb.csproj", "{7F31DA21-31A4-42C8-A84E-87F350D709F8}"
EndProject
Global
	GlobalSection(SolutionConfigurationPlatforms) = preSolution
		Debug|Any CPU = Debug|Any CPU
		Release|Any CPU = Release|Any CPU
	EndGlobalSection
	GlobalSection(ProjectConfigurationPlatforms) = postSolution
		{B2F08985-3591-43FF-BC4F-DD897A016A40}.Debug|Any CPU.ActiveCfg = Debug|Any CPU
		{B2F08985-3591-43FF-BC4F-DD897A016A40}.Debug|Any CPU.Build.0 = Debug|Any CPU
		{B2F08985-3591-43FF-BC4F-DD897A016A40}.Release|Any CPU.ActiveCfg = Release|Any CPU
		{B2F08985-3591-43FF-BC4F-DD897A016A40}.Release|Any CPU.Build.0 = Release|Any CPU
		{DE0A0101-A2B9-4F88-9028-06E7632712A8}.Debug|Any CPU.ActiveCfg = Debug|Any CPU
		{DE0A0101-A2B9-4F88-9028-06E7632712A8}.Debug|Any CPU.Build.0 = Debug|Any CPU
		{DE0A0101-A2B9-4F88-9028-06E7632712A8}.Release|Any CPU.ActiveCfg = Release|Any CPU
		{DE0A0101-A2B9-4F88-9028-06E7632712A8}.Release|Any CPU.Build.0 = Release|Any CPU
		{D8AD69E5-8F39-42BE-A37A-D29D739EAB95}.Debug|Any CPU.ActiveCfg = Debug|Any CPU
		{D8AD69E5-8F39-42BE-A37A-D29D739EAB95}.Debug|Any CPU.Build.0 = Debug|Any CPU
		{D8AD69E5-8F39-42BE-A37A-D29D739EAB95}.Release|Any CPU.ActiveCfg = Release|Any CPU
		{D8AD69E5-8F39-42BE-A37A-D29D739EAB95}.Release|Any CPU.Build.0 = Release|Any CPU
		{6DEDB4E8-A207-4603-A70B-61037038F618}.Debug|Any CPU.ActiveCfg = Debug|Any CPU
		{6DEDB4E8-A207-4603-A70B-61037038F618}.Debug|Any CPU.Build.0 = Debug|Any CPU
		{6DEDB4E8-A207-4603-A70B-61037038F618}.Release|Any CPU.ActiveCfg = Release|Any CPU
		{6DEDB4E8-A207-4603-A70B-61037038F618}.Release|Any CPU.Build.0 = Release|Any CPU
		{7F31DA21-31A4-42C8-A84E-87F350D709F8}.Debug|Any CPU.ActiveCfg = Debug|Any CPU
		{7F31DA21-31A4-42C8-A84E-87F350D709F8}.Debug|Any CPU.Build.0 = Debug|Any CPU
		{7F31DA21-31A4-42C8-A84E-87F350D709F8}.Release|Any CPU.ActiveCfg = Release|Any CPU
		{7F31DA21-31A4-42C8-A84E-87F350D709F8}.Release|Any CPU.Build.0 = Release|Any CPU
	EndGlobalSection
	GlobalSection(SolutionProperties) = preSolution
		HideSolutionNode = FALSE
	EndGlobalSection
EndGlobal
